
Microsoft Visual Studio Solution File, Format Version 12.00
# Visual Studio 15
VisualStudioVersion = 15.0.28307.1259
MinimumVisualStudioVersion = 10.0.40219.1
Project("{8BC9CEB8-8B4A-11D0-8D11-00A0C91BC942}") = "Game", "Game\Game.vcxproj", "{D9BBAA2D-D356-4C23-A606-6B6363B28177}"
EndProject
Global
	GlobalSection(SolutionConfigurationPlatforms) = preSolution
		Debug|x64 = Debug|x64
		Debug|x86 = Debug|x86
		Release|x64 = Release|x64
		Release|x86 = Release|x86
	EndGlobalSection
	GlobalSection(ProjectConfigurationPlatforms) = postSolution
		{D9BBAA2D-D356-4C23-A606-6B6363B28177}.Debug|x64.ActiveCfg = Debug|x64
		{D9BBAA2D-D356-4C23-A606-6B6363B28177}.Debug|x64.Build.0 = Debug|x64
		{D9BBAA2D-D356-4C23-A606-6B6363B28177}.Debug|x86.ActiveCfg = Debug|Win32
		{D9BBAA2D-D356-4C23-A606-6B6363B28177}.Debug|x86.Build.0 = Debug|Win32
		{D9BBAA2D-D356-4C23-A606-6B6363B28177}.Release|x64.ActiveCfg = Release|x64
		{D9BBAA2D-D356-4C23-A606-6B6363B28177}.Release|x64.Build.0 = Release|x64
		{D9BBAA2D-D356-4C23-A606-6B6363B28177}.Release|x86.ActiveCfg = Release|Win32
		{D9BBAA2D-D356-4C23-A606-6B6363B28177}.Release|x86.Build.0 = Release|Win32
	EndGlobalSection
	GlobalSection(SolutionProperties) = preSolution
		HideSolutionNode = FALSE
	EndGlobalSection
	GlobalSection(ExtensibilityGlobals) = postSolution
		SolutionGuid = {278FDE6A-A626-4CEE-9B3B-F8017DEF5993}
	EndGlobalSection
EndGlobal
